
Microsoft Visual Studio Solution File, Format Version 12.00
# Visual Studio Version 17
VisualStudioVersion = 17.5.33103.201
MinimumVisualStudioVersion = 10.0.40219.1
Project("{2150E333-8FDC-42A3-9474-1A3956D46DE8}") = "Core", "Core", "{3D40D523-C499-418B-8E08-F1A6DA7923E1}"
EndProject
Project("{2150E333-8FDC-42A3-9474-1A3956D46DE8}") = "Infrastructure", "Infrastructure", "{EC067A82-894B-41E1-A93F-8FDD08CA69BB}"
EndProject
Project("{2150E333-8FDC-42A3-9474-1A3956D46DE8}") = "Presentation", "Presentation", "{C8EF6EC6-8C70-4C12-89AF-4939AD82C2A7}"
EndProject
Project("{FAE04EC0-301F-11D3-BF4B-00C04F79EFBC}") = "ElasticSearchExample.Domain", "ElasticSearchExample.Domain\ElasticSearchExample.Domain.csproj", "{353B2C6B-AF63-4C25-8442-343B23F7A1B8}"
EndProject
Project("{FAE04EC0-301F-11D3-BF4B-00C04F79EFBC}") = "ElasticSearchExample.Application", "ElasticSearchExample.Application\ElasticSearchExample.Application.csproj", "{C8089AA6-CFC3-434D-9010-2C512CB879A7}"
EndProject
Project("{FAE04EC0-301F-11D3-BF4B-00C04F79EFBC}") = "ElasticSearchExample.Infrastructure", "ElasticSearchExample.Infrastructure\ElasticSearchExample.Infrastructure.csproj", "{E0730EFC-DF8A-4AFE-92E5-09612DEC3783}"
EndProject
Project("{FAE04EC0-301F-11D3-BF4B-00C04F79EFBC}") = "ElasticSearchExample.API", "ElasticSearchExample.API\ElasticSearchExample.API.csproj", "{34CC89F3-4B73-4BD1-B8F2-CDFAF5E3180B}"
EndProject
Global
	GlobalSection(SolutionConfigurationPlatforms) = preSolution
		Debug|Any CPU = Debug|Any CPU
		Release|Any CPU = Release|Any CPU
	EndGlobalSection
	GlobalSection(ProjectConfigurationPlatforms) = postSolution
		{353B2C6B-AF63-4C25-8442-343B23F7A1B8}.Debug|Any CPU.ActiveCfg = Debug|Any CPU
		{353B2C6B-AF63-4C25-8442-343B23F7A1B8}.Debug|Any CPU.Build.0 = Debug|Any CPU
		{353B2C6B-AF63-4C25-8442-343B23F7A1B8}.Release|Any CPU.ActiveCfg = Release|Any CPU
		{353B2C6B-AF63-4C25-8442-343B23F7A1B8}.Release|Any CPU.Build.0 = Release|Any CPU
		{C8089AA6-CFC3-434D-9010-2C512CB879A7}.Debug|Any CPU.ActiveCfg = Debug|Any CPU
		{C8089AA6-CFC3-434D-9010-2C512CB879A7}.Debug|Any CPU.Build.0 = Debug|Any CPU
		{C8089AA6-CFC3-434D-9010-2C512CB879A7}.Release|Any CPU.ActiveCfg = Release|Any CPU
		{C8089AA6-CFC3-434D-9010-2C512CB879A7}.Release|Any CPU.Build.0 = Release|Any CPU
		{E0730EFC-DF8A-4AFE-92E5-09612DEC3783}.Debug|Any CPU.ActiveCfg = Debug|Any CPU
		{E0730EFC-DF8A-4AFE-92E5-09612DEC3783}.Debug|Any CPU.Build.0 = Debug|Any CPU
		{E0730EFC-DF8A-4AFE-92E5-09612DEC3783}.Release|Any CPU.ActiveCfg = Release|Any CPU
		{E0730EFC-DF8A-4AFE-92E5-09612DEC3783}.Release|Any CPU.Build.0 = Release|Any CPU
		{34CC89F3-4B73-4BD1-B8F2-CDFAF5E3180B}.Debug|Any CPU.ActiveCfg = Debug|Any CPU
		{34CC89F3-4B73-4BD1-B8F2-CDFAF5E3180B}.Debug|Any CPU.Build.0 = Debug|Any CPU
		{34CC89F3-4B73-4BD1-B8F2-CDFAF5E3180B}.Release|Any CPU.ActiveCfg = Release|Any CPU
		{34CC89F3-4B73-4BD1-B8F2-CDFAF5E3180B}.Release|Any CPU.Build.0 = Release|Any CPU
	EndGlobalSection
	GlobalSection(SolutionProperties) = preSolution
		HideSolutionNode = FALSE
	EndGlobalSection
	GlobalSection(NestedProjects) = preSolution
		{353B2C6B-AF63-4C25-8442-343B23F7A1B8} = {3D40D523-C499-418B-8E08-F1A6DA7923E1}
		{C8089AA6-CFC3-434D-9010-2C512CB879A7} = {3D40D523-C499-418B-8E08-F1A6DA7923E1}
		{E0730EFC-DF8A-4AFE-92E5-09612DEC3783} = {EC067A82-894B-41E1-A93F-8FDD08CA69BB}
		{34CC89F3-4B73-4BD1-B8F2-CDFAF5E3180B} = {C8EF6EC6-8C70-4C12-89AF-4939AD82C2A7}
	EndGlobalSection
	GlobalSection(ExtensibilityGlobals) = postSolution
		SolutionGuid = {9103177C-AA63-49EC-B889-07FCE1595186}
	EndGlobalSection
EndGlobal
